// !$*UTF8*$!
{
	archiveVersion = 1;
	classes = {
	};
	objectVersion = 56;
	objects = {

/* Begin PBXBuildFile section */
		6C75F4E529F54754000DE620 /* AppDelegate.swift in Sources */ = {isa = PBXBuildFile; fileRef = 6C75F4E429F54754000DE620 /* AppDelegate.swift */; };
		6C75F4E729F54754000DE620 /* SceneDelegate.swift in Sources */ = {isa = PBXBuildFile; fileRef = 6C75F4E629F54754000DE620 /* SceneDelegate.swift */; };
		6C75F4EC29F54754000DE620 /* Main.storyboard in Resources */ = {isa = PBXBuildFile; fileRef = 6C75F4EA29F54754000DE620 /* Main.storyboard */; };
		6C75F4EE29F54756000DE620 /* Assets.xcassets in Resources */ = {isa = PBXBuildFile; fileRef = 6C75F4ED29F54756000DE620 /* Assets.xcassets */; };
		6C75F4F129F54756000DE620 /* LaunchScreen.storyboard in Resources */ = {isa = PBXBuildFile; fileRef = 6C75F4EF29F54756000DE620 /* LaunchScreen.storyboard */; };
		6C75F50129F5481D000DE620 /* Content.plist in Resources */ = {isa = PBXBuildFile; fileRef = 6C75F50029F5481D000DE620 /* Content.plist */; };
		6C75F50429F54846000DE620 /* SnapKit in Frameworks */ = {isa = PBXBuildFile; productRef = 6C75F50329F54846000DE620 /* SnapKit */; };
		6CBD6A0D29F5FC04006A403D /* ContentView.swift in Sources */ = {isa = PBXBuildFile; fileRef = 6CBD6A0C29F5FC04006A403D /* ContentView.swift */; };
		6CBD6A3029F6017A006A403D /* Content.swift in Sources */ = {isa = PBXBuildFile; fileRef = 6CBD6A2F29F6017A006A403D /* Content.swift */; };
		6CBD6A3229F60184006A403D /* ContentCollectionViewCell.swift in Sources */ = {isa = PBXBuildFile; fileRef = 6CBD6A3129F60184006A403D /* ContentCollectionViewCell.swift */; };
		6CBD6A3429F60188006A403D /* ContentCollectionViewHeader.swift in Sources */ = {isa = PBXBuildFile; fileRef = 6CBD6A3329F60188006A403D /* ContentCollectionViewHeader.swift */; };
		6CBD6A3629F6018C006A403D /* ContentCollectionViewMainCell.swift in Sources */ = {isa = PBXBuildFile; fileRef = 6CBD6A3529F6018C006A403D /* ContentCollectionViewMainCell.swift */; };
		6CBD6A3829F60190006A403D /* ContentCollectionViewRankCell.swift in Sources */ = {isa = PBXBuildFile; fileRef = 6CBD6A3729F60190006A403D /* ContentCollectionViewRankCell.swift */; };
		6CBD6A3A29F60197006A403D /* HomeViewController.swift in Sources */ = {isa = PBXBuildFile; fileRef = 6CBD6A3929F60197006A403D /* HomeViewController.swift */; };
		6CBD6A3C29F60244006A403D /* ContentDetailView.swift in Sources */ = {isa = PBXBuildFile; fileRef = 6CBD6A3B29F60243006A403D /* ContentDetailView.swift */; };
/* End PBXBuildFile section */

/* Begin PBXFileReference section */
		6C75F4E129F54754000DE620 /* NetflixStyle.app */ = {isa = PBXFileReference; explicitFileType = wrapper.application; includeInIndex = 0; path = NetflixStyle.app; sourceTree = BUILT_PRODUCTS_DIR; };
		6C75F4E429F54754000DE620 /* AppDelegate.swift */ = {isa = PBXFileReference; lastKnownFileType = sourcecode.swift; path = AppDelegate.swift; sourceTree = "<group>"; };
		6C75F4E629F54754000DE620 /* SceneDelegate.swift */ = {isa = PBXFileReference; lastKnownFileType = sourcecode.swift; path = SceneDelegate.swift; sourceTree = "<group>"; };
		6C75F4EB29F54754000DE620 /* Base */ = {isa = PBXFileReference; lastKnownFileType = file.storyboard; name = Base; path = Base.lproj/Main.storyboard; sourceTree = "<group>"; };
		6C75F4ED29F54756000DE620 /* Assets.xcassets */ = {isa = PBXFileReference; lastKnownFileType = folder.assetcatalog; path = Assets.xcassets; sourceTree = "<group>"; };
		6C75F4F029F54756000DE620 /* Base */ = {isa = PBXFileReference; lastKnownFileType = file.storyboard; name = Base; path = Base.lproj/LaunchScreen.storyboard; sourceTree = "<group>"; };
		6C75F4F229F54756000DE620 /* Info.plist */ = {isa = PBXFileReference; lastKnownFileType = text.plist.xml; path = Info.plist; sourceTree = "<group>"; };
		6C75F50029F5481D000DE620 /* Content.plist */ = {isa = PBXFileReference; fileEncoding = 4; lastKnownFileType = text.plist.xml; path = Content.plist; sourceTree = "<group>"; };
		6CBD6A0C29F5FC04006A403D /* ContentView.swift */ = {isa = PBXFileReference; lastKnownFileType = sourcecode.swift; path = ContentView.swift; sourceTree = "<group>"; };
		6CBD6A2F29F6017A006A403D /* Content.swift */ = {isa = PBXFileReference; fileEncoding = 4; lastKnownFileType = sourcecode.swift; path = Content.swift; sourceTree = "<group>"; };
		6CBD6A3129F60184006A403D /* ContentCollectionViewCell.swift */ = {isa = PBXFileReference; fileEncoding = 4; lastKnownFileType = sourcecode.swift; path = ContentCollectionViewCell.swift; sourceTree = "<group>"; };
		6CBD6A3329F60188006A403D /* ContentCollectionViewHeader.swift */ = {isa = PBXFileReference; fileEncoding = 4; lastKnownFileType = sourcecode.swift; path = ContentCollectionViewHeader.swift; sourceTree = "<group>"; };
		6CBD6A3529F6018C006A403D /* ContentCollectionViewMainCell.swift */ = {isa = PBXFileReference; fileEncoding = 4; lastKnownFileType = sourcecode.swift; path = ContentCollectionViewMainCell.swift; sourceTree = "<group>"; };
		6CBD6A3729F60190006A403D /* ContentCollectionViewRankCell.swift */ = {isa = PBXFileReference; fileEncoding = 4; lastKnownFileType = sourcecode.swift; name = ContentCollectionViewRankCell.swift; path = "../../../../../../../../Desktop/part4.-upper-intermediate--전체-/Ch1_MyAsset/SwiftUISample/SwiftUISample/SwiftUISample/NeflixSampleApp/ContentCollectionViewRankCell.swift"; sourceTree = "<group>"; };
		6CBD6A3929F60197006A403D /* HomeViewController.swift */ = {isa = PBXFileReference; fileEncoding = 4; lastKnownFileType = sourcecode.swift; path = HomeViewController.swift; sourceTree = "<group>"; };
		6CBD6A3B29F60243006A403D /* ContentDetailView.swift */ = {isa = PBXFileReference; fileEncoding = 4; lastKnownFileType = sourcecode.swift; path = ContentDetailView.swift; sourceTree = "<group>"; };
/* End PBXFileReference section */

/* Begin PBXFrameworksBuildPhase section */
		6C75F4DE29F54754000DE620 /* Frameworks */ = {
			isa = PBXFrameworksBuildPhase;
			buildActionMask = 2147483647;
			files = (
				6C75F50429F54846000DE620 /* SnapKit in Frameworks */,
			);
			runOnlyForDeploymentPostprocessing = 0;
		};
/* End PBXFrameworksBuildPhase section */

/* Begin PBXGroup section */
		6C75F4D829F54754000DE620 = {
			isa = PBXGroup;
			children = (
				6C75F4E329F54754000DE620 /* NetflixStyle */,
				6C75F4E229F54754000DE620 /* Products */,
			);
			sourceTree = "<group>";
		};
		6C75F4E229F54754000DE620 /* Products */ = {
			isa = PBXGroup;
			children = (
				6C75F4E129F54754000DE620 /* NetflixStyle.app */,
			);
			name = Products;
			sourceTree = "<group>";
		};
		6C75F4E329F54754000DE620 /* NetflixStyle */ = {
			isa = PBXGroup;
			children = (
				6C75F4E429F54754000DE620 /* AppDelegate.swift */,
				6C75F4E629F54754000DE620 /* SceneDelegate.swift */,
				6CBD6A3B29F60243006A403D /* ContentDetailView.swift */,
				6CBD6A0C29F5FC04006A403D /* ContentView.swift */,
				6CBD6A0E29F5FC3B006A403D /* NeflixSimpleApp */,
				6C75F4EA29F54754000DE620 /* Main.storyboard */,
				6C75F4ED29F54756000DE620 /* Assets.xcassets */,
				6C75F4EF29F54756000DE620 /* LaunchScreen.storyboard */,
				6C75F4F229F54756000DE620 /* Info.plist */,
			);
			path = NetflixStyle;
			sourceTree = "<group>";
		};
		6CBD6A0E29F5FC3B006A403D /* NeflixSimpleApp */ = {
			isa = PBXGroup;
			children = (
				6CBD6A2F29F6017A006A403D /* Content.swift */,
				6CBD6A3129F60184006A403D /* ContentCollectionViewCell.swift */,
				6CBD6A3329F60188006A403D /* ContentCollectionViewHeader.swift */,
				6CBD6A3529F6018C006A403D /* ContentCollectionViewMainCell.swift */,
				6CBD6A3729F60190006A403D /* ContentCollectionViewRankCell.swift */,
				6CBD6A3929F60197006A403D /* HomeViewController.swift */,
				6C75F50029F5481D000DE620 /* Content.plist */,
			);
			path = NeflixSimpleApp;
			sourceTree = "<group>";
		};
/* End PBXGroup section */

/* Begin PBXNativeTarget section */
		6C75F4E029F54754000DE620 /* NetflixStyle */ = {
			isa = PBXNativeTarget;
			buildConfigurationList = 6C75F4F529F54756000DE620 /* Build configuration list for PBXNativeTarget "NetflixStyle" */;
			buildPhases = (
				6C75F4DD29F54754000DE620 /* Sources */,
				6C75F4DE29F54754000DE620 /* Frameworks */,
				6C75F4DF29F54754000DE620 /* Resources */,
			);
			buildRules = (
			);
			dependencies = (
			);
			name = NetflixStyle;
			packageProductDependencies = (
				6C75F50329F54846000DE620 /* SnapKit */,
			);
			productName = NetflixStyle;
			productReference = 6C75F4E129F54754000DE620 /* NetflixStyle.app */;
			productType = "com.apple.product-type.application";
		};
/* End PBXNativeTarget section */

/* Begin PBXProject section */
		6C75F4D929F54754000DE620 /* Project object */ = {
			isa = PBXProject;
			attributes = {
				BuildIndependentTargetsInParallel = 1;
				LastSwiftUpdateCheck = 1430;
				LastUpgradeCheck = 1430;
				TargetAttributes = {
					6C75F4E029F54754000DE620 = {
						CreatedOnToolsVersion = 14.3;
					};
				};
			};
			buildConfigurationList = 6C75F4DC29F54754000DE620 /* Build configuration list for PBXProject "NetflixStyle" */;
			compatibilityVersion = "Xcode 14.0";
			developmentRegion = en;
			hasScannedForEncodings = 0;
			knownRegions = (
				en,
				Base,
			);
			mainGroup = 6C75F4D829F54754000DE620;
			packageReferences = (
				6C75F50229F54846000DE620 /* XCRemoteSwiftPackageReference "SnapKit" */,
			);
			productRefGroup = 6C75F4E229F54754000DE620 /* Products */;
			projectDirPath = "";
			projectRoot = "";
			targets = (
				6C75F4E029F54754000DE620 /* NetflixStyle */,
			);
		};
/* End PBXProject section */

/* Begin PBXResourcesBuildPhase section */
		6C75F4DF29F54754000DE620 /* Resources */ = {
			isa = PBXResourcesBuildPhase;
			buildActionMask = 2147483647;
			files = (
				6C75F4F129F54756000DE620 /* LaunchScreen.storyboard in Resources */,
				6C75F4EE29F54756000DE620 /* Assets.xcassets in Resources */,
				6C75F50129F5481D000DE620 /* Content.plist in Resources */,
				6C75F4EC29F54754000DE620 /* Main.storyboard in Resources */,
			);
			runOnlyForDeploymentPostprocessing = 0;
		};
/* End PBXResourcesBuildPhase section */

/* Begin PBXSourcesBuildPhase section */
		6C75F4DD29F54754000DE620 /* Sources */ = {
			isa = PBXSourcesBuildPhase;
			buildActionMask = 2147483647;
			files = (
				6CBD6A0D29F5FC04006A403D /* ContentView.swift in Sources */,
				6CBD6A3429F60188006A403D /* ContentCollectionViewHeader.swift in Sources */,
				6CBD6A3629F6018C006A403D /* ContentCollectionViewMainCell.swift in Sources */,
				6C75F4E529F54754000DE620 /* AppDelegate.swift in Sources */,
				6CBD6A3829F60190006A403D /* ContentCollectionViewRankCell.swift in Sources */,
				6CBD6A3C29F60244006A403D /* ContentDetailView.swift in Sources */,
				6CBD6A3A29F60197006A403D /* HomeViewController.swift in Sources */,
				6C75F4E729F54754000DE620 /* SceneDelegate.swift in Sources */,
				6CBD6A3029F6017A006A403D /* Content.swift in Sources */,
				6CBD6A3229F60184006A403D /* ContentCollectionViewCell.swift in Sources */,
			);
			runOnlyForDeploymentPostprocessing = 0;
		};
/* End PBXSourcesBuildPhase section */

/* Begin PBXVariantGroup section */
		6C75F4EA29F54754000DE620 /* Main.storyboard */ = {
			isa = PBXVariantGroup;
			children = (
				6C75F4EB29F54754000DE620 /* Base */,
			);
			name = Main.storyboard;
			sourceTree = "<group>";
		};
		6C75F4EF29F54756000DE620 /* LaunchScreen.storyboard */ = {
			isa = PBXVariantGroup;
			children = (
				6C75F4F029F54756000DE620 /* Base */,
			);
			name = LaunchScreen.storyboard;
			sourceTree = "<group>";
		};
/* End PBXVariantGroup section */

/* Begin XCBuildConfiguration section */
		6C75F4F329F54756000DE620 /* Debug */ = {
			isa = XCBuildConfiguration;
			buildSettings = {
				ALWAYS_SEARCH_USER_PATHS = NO;
				CLANG_ANALYZER_NONNULL = YES;
				CLANG_ANALYZER_NUMBER_OBJECT_CONVERSION = YES_AGGRESSIVE;
				CLANG_CXX_LANGUAGE_STANDARD = "gnu++20";
				CLANG_ENABLE_MODULES = YES;
				CLANG_ENABLE_OBJC_ARC = YES;
				CLANG_ENABLE_OBJC_WEAK = YES;
				CLANG_WARN_BLOCK_CAPTURE_AUTORELEASING = YES;
				CLANG_WARN_BOOL_CONVERSION = YES;
				CLANG_WARN_COMMA = YES;
				CLANG_WARN_CONSTANT_CONVERSION = YES;
				CLANG_WARN_DEPRECATED_OBJC_IMPLEMENTATIONS = YES;
				CLANG_WARN_DIRECT_OBJC_ISA_USAGE = YES_ERROR;
				CLANG_WARN_DOCUMENTATION_COMMENTS = YES;
				CLANG_WARN_EMPTY_BODY = YES;
				CLANG_WARN_ENUM_CONVERSION = YES;
				CLANG_WARN_INFINITE_RECURSION = YES;
				CLANG_WARN_INT_CONVERSION = YES;
				CLANG_WARN_NON_LITERAL_NULL_CONVERSION = YES;
				CLANG_WARN_OBJC_IMPLICIT_RETAIN_SELF = YES;
				CLANG_WARN_OBJC_LITERAL_CONVERSION = YES;
				CLANG_WARN_OBJC_ROOT_CLASS = YES_ERROR;
				CLANG_WARN_QUOTED_INCLUDE_IN_FRAMEWORK_HEADER = YES;
				CLANG_WARN_RANGE_LOOP_ANALYSIS = YES;
				CLANG_WARN_STRICT_PROTOTYPES = YES;
				CLANG_WARN_SUSPICIOUS_MOVE = YES;
				CLANG_WARN_UNGUARDED_AVAILABILITY = YES_AGGRESSIVE;
				CLANG_WARN_UNREACHABLE_CODE = YES;
				CLANG_WARN__DUPLICATE_METHOD_MATCH = YES;
				COPY_PHASE_STRIP = NO;
				DEBUG_INFORMATION_FORMAT = dwarf;
				ENABLE_STRICT_OBJC_MSGSEND = YES;
				ENABLE_TESTABILITY = YES;
				GCC_C_LANGUAGE_STANDARD = gnu11;
				GCC_DYNAMIC_NO_PIC = NO;
				GCC_NO_COMMON_BLOCKS = YES;
				GCC_OPTIMIZATION_LEVEL = 0;
				GCC_PREPROCESSOR_DEFINITIONS = (
					"DEBUG=1",
					"$(inherited)",
				);
				GCC_WARN_64_TO_32_BIT_CONVERSION = YES;
				GCC_WARN_ABOUT_RETURN_TYPE = YES_ERROR;
				GCC_WARN_UNDECLARED_SELECTOR = YES;
				GCC_WARN_UNINITIALIZED_AUTOS = YES_AGGRESSIVE;
				GCC_WARN_UNUSED_FUNCTION = YES;
				GCC_WARN_UNUSED_VARIABLE = YES;
				IPHONEOS_DEPLOYMENT_TARGET = 16.4;
				MTL_ENABLE_DEBUG_INFO = INCLUDE_SOURCE;
				MTL_FAST_MATH = YES;
				ONLY_ACTIVE_ARCH = YES;
				SDKROOT = iphoneos;
				SWIFT_ACTIVE_COMPILATION_CONDITIONS = DEBUG;
				SWIFT_OPTIMIZATION_LEVEL = "-Onone";
			};
			name = Debug;
		};
		6C75F4F429F54756000DE620 /* Release */ = {
			isa = XCBuildConfiguration;
			buildSettings = {
				ALWAYS_SEARCH_USER_PATHS = NO;
				CLANG_ANALYZER_NONNULL = YES;
				CLANG_ANALYZER_NUMBER_OBJECT_CONVERSION = YES_AGGRESSIVE;
				CLANG_CXX_LANGUAGE_STANDARD = "gnu++20";
				CLANG_ENABLE_MODULES = YES;
				CLANG_ENABLE_OBJC_ARC = YES;
				CLANG_ENABLE_OBJC_WEAK = YES;
				CLANG_WARN_BLOCK_CAPTURE_AUTORELEASING = YES;
				CLANG_WARN_BOOL_CONVERSION = YES;
				CLANG_WARN_COMMA = YES;
				CLANG_WARN_CONSTANT_CONVERSION = YES;
				CLANG_WARN_DEPRECATED_OBJC_IMPLEMENTATIONS = YES;
				CLANG_WARN_DIRECT_OBJC_ISA_USAGE = YES_ERROR;
				CLANG_WARN_DOCUMENTATION_COMMENTS = YES;
				CLANG_WARN_EMPTY_BODY = YES;
				CLANG_WARN_ENUM_CONVERSION = YES;
				CLANG_WARN_INFINITE_RECURSION = YES;
				CLANG_WARN_INT_CONVERSION = YES;
				CLANG_WARN_NON_LITERAL_NULL_CONVERSION = YES;
				CLANG_WARN_OBJC_IMPLICIT_RETAIN_SELF = YES;
				CLANG_WARN_OBJC_LITERAL_CONVERSION = YES;
				CLANG_WARN_OBJC_ROOT_CLASS = YES_ERROR;
				CLANG_WARN_QUOTED_INCLUDE_IN_FRAMEWORK_HEADER = YES;
				CLANG_WARN_RANGE_LOOP_ANALYSIS = YES;
				CLANG_WARN_STRICT_PROTOTYPES = YES;
				CLANG_WARN_SUSPICIOUS_MOVE = YES;
				CLANG_WARN_UNGUARDED_AVAILABILITY = YES_AGGRESSIVE;
				CLANG_WARN_UNREACHABLE_CODE = YES;
				CLANG_WARN__DUPLICATE_METHOD_MATCH = YES;
				COPY_PHASE_STRIP = NO;
				DEBUG_INFORMATION_FORMAT = "dwarf-with-dsym";
				ENABLE_NS_ASSERTIONS = NO;
				ENABLE_STRICT_OBJC_MSGSEND = YES;
				GCC_C_LANGUAGE_STANDARD = gnu11;
				GCC_NO_COMMON_BLOCKS = YES;
				GCC_WARN_64_TO_32_BIT_CONVERSION = YES;
				GCC_WARN_ABOUT_RETURN_TYPE = YES_ERROR;
				GCC_WARN_UNDECLARED_SELECTOR = YES;
				GCC_WARN_UNINITIALIZED_AUTOS = YES_AGGRESSIVE;
				GCC_WARN_UNUSED_FUNCTION = YES;
				GCC_WARN_UNUSED_VARIABLE = YES;
				IPHONEOS_DEPLOYMENT_TARGET = 16.4;
				MTL_ENABLE_DEBUG_INFO = NO;
				MTL_FAST_MATH = YES;
				SDKROOT = iphoneos;
				SWIFT_COMPILATION_MODE = wholemodule;
				SWIFT_OPTIMIZATION_LEVEL = "-O";
				VALIDATE_PRODUCT = YES;
			};
			name = Release;
		};
		6C75F4F629F54756000DE620 /* Debug */ = {
			isa = XCBuildConfiguration;
			buildSettings = {
				ASSETCATALOG_COMPILER_APPICON_NAME = AppIcon;
				ASSETCATALOG_COMPILER_GLOBAL_ACCENT_COLOR_NAME = AccentColor;
				CODE_SIGN_STYLE = Automatic;
				CURRENT_PROJECT_VERSION = 1;
				DEVELOPMENT_TEAM = M7W8R6KHS4;
				GENERATE_INFOPLIST_FILE = YES;
				INFOPLIST_FILE = NetflixStyle/Info.plist;
				INFOPLIST_KEY_UIApplicationSupportsIndirectInputEvents = YES;
				INFOPLIST_KEY_UILaunchStoryboardName = LaunchScreen;
				INFOPLIST_KEY_UIMainStoryboardFile = Main;
				INFOPLIST_KEY_UISupportedInterfaceOrientations_iPad = "UIInterfaceOrientationPortrait UIInterfaceOrientationPortraitUpsideDown UIInterfaceOrientationLandscapeLeft UIInterfaceOrientationLandscapeRight";
				INFOPLIST_KEY_UISupportedInterfaceOrientations_iPhone = "UIInterfaceOrientationPortrait UIInterfaceOrientationLandscapeLeft UIInterfaceOrientationLandscapeRight";
				LD_RUNPATH_SEARCH_PATHS = (
					"$(inherited)",
					"@executable_path/Frameworks",
				);
				MARKETING_VERSION = 1.0;
				PRODUCT_BUNDLE_IDENTIFIER = al3.NetflixStyle;
				PRODUCT_NAME = "$(TARGET_NAME)";
				SWIFT_EMIT_LOC_STRINGS = YES;
				SWIFT_VERSION = 5.0;
				TARGETED_DEVICE_FAMILY = "1,2";
			};
			name = Debug;
		};
		6C75F4F729F54756000DE620 /* Release */ = {
			isa = XCBuildConfiguration;
			buildSettings = {
				ASSETCATALOG_COMPILER_APPICON_NAME = AppIcon;
				ASSETCATALOG_COMPILER_GLOBAL_ACCENT_COLOR_NAME = AccentColor;
				CODE_SIGN_STYLE = Automatic;
				CURRENT_PROJECT_VERSION = 1;
				DEVELOPMENT_TEAM = M7W8R6KHS4;
				GENERATE_INFOPLIST_FILE = YES;
				INFOPLIST_FILE = NetflixStyle/Info.plist;
				INFOPLIST_KEY_UIApplicationSupportsIndirectInputEvents = YES;
				INFOPLIST_KEY_UILaunchStoryboardName = LaunchScreen;
				INFOPLIST_KEY_UIMainStoryboardFile = Main;
				INFOPLIST_KEY_UISupportedInterfaceOrientations_iPad = "UIInterfaceOrientationPortrait UIInterfaceOrientationPortraitUpsideDown UIInterfaceOrientationLandscapeLeft UIInterfaceOrientationLandscapeRight";
				INFOPLIST_KEY_UISupportedInterfaceOrientations_iPhone = "UIInterfaceOrientationPortrait UIInterfaceOrientationLandscapeLeft UIInterfaceOrientationLandscapeRight";
				LD_RUNPATH_SEARCH_PATHS = (
					"$(inherited)",
					"@executable_path/Frameworks",
				);
				MARKETING_VERSION = 1.0;
				PRODUCT_BUNDLE_IDENTIFIER = al3.NetflixStyle;
				PRODUCT_NAME = "$(TARGET_NAME)";
				SWIFT_EMIT_LOC_STRINGS = YES;
				SWIFT_VERSION = 5.0;
				TARGETED_DEVICE_FAMILY = "1,2";
			};
			name = Release;
		};
/* End XCBuildConfiguration section */

/* Begin XCConfigurationList section */
		6C75F4DC29F54754000DE620 /* Build configuration list for PBXProject "NetflixStyle" */ = {
			isa = XCConfigurationList;
			buildConfigurations = (
				6C75F4F329F54756000DE620 /* Debug */,
				6C75F4F429F54756000DE620 /* Release */,
			);
			defaultConfigurationIsVisible = 0;
			defaultConfigurationName = Release;
		};
		6C75F4F529F54756000DE620 /* Build configuration list for PBXNativeTarget "NetflixStyle" */ = {
			isa = XCConfigurationList;
			buildConfigurations = (
				6C75F4F629F54756000DE620 /* Debug */,
				6C75F4F729F54756000DE620 /* Release */,
			);
			defaultConfigurationIsVisible = 0;
			defaultConfigurationName = Release;
		};
/* End XCConfigurationList section */

/* Begin XCRemoteSwiftPackageReference section */
		6C75F50229F54846000DE620 /* XCRemoteSwiftPackageReference "SnapKit" */ = {
			isa = XCRemoteSwiftPackageReference;
			repositoryURL = "https://github.com/SnapKit/SnapKit.git";
			requirement = {
				kind = upToNextMajorVersion;
				minimumVersion = 5.0.0;
			};
		};
/* End XCRemoteSwiftPackageReference section */

/* Begin XCSwiftPackageProductDependency section */
		6C75F50329F54846000DE620 /* SnapKit */ = {
			isa = XCSwiftPackageProductDependency;
			package = 6C75F50229F54846000DE620 /* XCRemoteSwiftPackageReference "SnapKit" */;
			productName = SnapKit;
		};
/* End XCSwiftPackageProductDependency section */
	};
	rootObject = 6C75F4D929F54754000DE620 /* Project object */;
}
